# This file is autogenerated, do not edit; changes may be undone by the next 'dep ensure'.


[[projects]]
  digest = "1:b0ba298605b3954e3c40f2db1344db65242be090a346a3393220559ff7c165a3"
  name = "github.com/PuerkitoBio/purell"
  packages = ["."]
  pruneopts = ""
  revision = "44968752391892e1b0d0b821ee79e9a85fa13049"
  version = "v1.1.1"

[[projects]]
  branch = "master"
  digest = "1:331a419049c2be691e5ba1d24342fc77c7e767a80c666a18fd8a9f7b82419c1c"
  name = "github.com/PuerkitoBio/urlesc"
  packages = ["."]
  pruneopts = ""
  revision = "de5bf2ad457846296e2031421a34e2568e304e35"

[[projects]]
  branch = "master"
  digest = "1:6cfb11292ad39d0e80344db366f1a9c8cbaf3bbb703403551e042087007be330"
  name = "github.com/alecthomas/template"
  packages = [
    ".",
    "parse",
  ]
  pruneopts = ""
  revision = "fb15b899a75114aa79cc930e33c46b577cc664b1"

[[projects]]
  branch = "master"
  digest = "1:86ea497979270399c5e544bbdc6f3a846078cd7c6d9be40fd0012ab54fee4052"
  name = "github.com/alecthomas/units"
  packages = ["."]
  pruneopts = ""
  revision = "c3de453c63f4bdb4dadffab9805ec00426c505f7"

[[projects]]
  branch = "master"
  digest = "1:cfcc39907a8f2945c98b69003eef5ee57156d95a6d57cfb73fc80b4bbd6549a0"
  name = "github.com/armon/go-metrics"
  packages = ["."]
  pruneopts = ""
  revision = "ec5e00d3c878b2a97bbe0884ef45ffd1b4f669f5"

[[projects]]
  digest = "1:3402e0deeb94e180eaa41deceb21f9946fad1b8e0e043ea35b4e7fa962841314"
  name = "github.com/asaskevich/govalidator"
  packages = ["."]
  pruneopts = ""
  revision = "ccb8e960c48f04d6935e72476ae4a51028f9e22f"
  version = "v9"

[[projects]]
  digest = "1:c184eb13b3204e237b45381d222b7bf67f875ee7d34d7eee94ae41556483d393"
  name = "github.com/beorn7/perks"
  packages = ["quantile"]
  pruneopts = ""
  revision = "4b2b341e8d7715fae06375aa633dbb6e91b3fb46"
  version = "v1.0.0"

[[projects]]
  branch = "master"
  digest = "1:f929d04efb10a7ec77a3a47a2a21397a5bec3b563010a030af753aa364395496"
  name = "github.com/briandowns/formatifier"
  packages = ["."]
  pruneopts = ""
  revision = "6d068a6ce63a3f36a4d6b7d31c208cb8619cc014"

[[projects]]
  digest = "1:8561fc011218ed9821f6d73057154e692cdfd0f37e929ef6c4a574b6299136cb"
  name = "github.com/cenkalti/backoff"
  packages = ["."]
  pruneopts = ""
  revision = "4b4cebaf850ec58f1bb1fec5bdebdf8501c2bc3f"
  version = "v3.0.0"

[[projects]]
  digest = "1:f6485831252319cd6ca29fc170adecf1eb81bf1e805f62f44eb48564ce2485fe"
  name = "github.com/cespare/xxhash"
  packages = ["."]
  pruneopts = ""
  revision = "3b82fb7d186719faeedd0c2864f868c74fbf79a1"
  version = "v2.0.0"

[[projects]]
  digest = "1:bac058ccd7f7c41a1f6e71521d7f42c2c3afb59cf6a21a97ab53beccc3e25117"
  name = "github.com/go-kit/kit"
  packages = [
    "log",
    "log/level",
  ]
  pruneopts = ""
  revision = "150a65a7ec6156b4b640c1fd55f26fd3d475d656"
  version = "v0.9.0"

[[projects]]
  digest = "1:df89444601379b2e1ee82bf8e6b72af9901cbeed4b469fa380a519c89c339310"
  name = "github.com/go-logfmt/logfmt"
  packages = ["."]
  pruneopts = ""
  revision = "07c9b44f60d7ffdfb7d8efe1ad539965737836dc"
  version = "v0.4.0"

[[projects]]
  digest = "1:64eab0aa75df740a6393f1853c375fa288046a0d10806b881cd299aca7313b76"
  name = "github.com/go-openapi/analysis"
  packages = [
    ".",
    "internal",
  ]
  pruneopts = ""
  revision = "48f4521ad6c3df9d6192efb04287c4a411e1f806"
  version = "v0.19.4"

[[projects]]
  digest = "1:008ea32b0b69ce5e7e278b9ccb93a17a2f4d6d3a58430ac3b00b23a8a146c34f"
  name = "github.com/go-openapi/errors"
  packages = ["."]
  pruneopts = ""
  revision = "0b2a0a1f89aa2eec2d13e03cd80ab0fdaf01f8ce"
  version = "v0.19.2"

[[projects]]
  digest = "1:0d694e266067b6de05482c0d2d98ceae1180a26506d77c29853947c5da570d3f"
  name = "github.com/go-openapi/jsonpointer"
  packages = ["."]
  pruneopts = ""
  revision = "a105a905c5e6ad147f08504784917f3e178e0ba5"
  version = "v0.19.2"

[[projects]]
  digest = "1:08c2fa5460c752fa93b2cfa563096c6fb2869c56e3d78cbef1cd56c2689c955d"
  name = "github.com/go-openapi/jsonreference"
  packages = ["."]
  pruneopts = ""
  revision = "2903bfd4bfbaf188694f1edf731f2725a8fa344f"
  version = "v0.19.2"

[[projects]]
  digest = "1:521095240f9da94f0b009c0b2d9c236e5693a2eb68218b9809f44fb82ab9a6d7"
  name = "github.com/go-openapi/loads"
  packages = ["."]
  pruneopts = ""
  revision = "8548893a17237be4a5b2f74773f23002f4179bbe"
  version = "v0.19.2"

[[projects]]
  digest = "1:1246aa63bdca93737d0605bbacbac86400e3a6961d50fda96de449b2bd2ffbd8"
  name = "github.com/go-openapi/runtime"
  packages = [
    ".",
    "client",
    "logger",
    "middleware",
    "middleware/denco",
    "middleware/header",
    "middleware/untyped",
    "security",
  ]
  pruneopts = ""
  revision = "58872d9a7ca5f28beff9effa19ac4c17d3e42cd3"
  version = "v0.19.3"

[[projects]]
  digest = "1:12e7a266b036a90116494bb6884243e04471551ee551505e96b90a47a673e891"
  name = "github.com/go-openapi/spec"
  packages = ["."]
  pruneopts = ""
  revision = "bdfd7e07daecc404d77868a88b2364d0aed0ee5a"
  version = "v0.19.2"

[[projects]]
  digest = "1:909754bdafc796b706cb28049413eaf7e4b5ed0fdf40bf40be6cc3fd42015c85"
  name = "github.com/go-openapi/strfmt"
  packages = ["."]
  pruneopts = ""
  revision = "432db8fbcb18bf11f72ca9538e07943e45be4d9f"
  version = "v0.19.2"

[[projects]]
  digest = "1:c309dbc7f67b91ae9fb0d8de0f899ed850c139f3e3c8beba8ba6096233d9a9b4"
  name = "github.com/go-openapi/swag"
  packages = ["."]
  pruneopts = ""
  revision = "de649ffb9e02183a414820c5b1b4582f7b009792"
  version = "v0.19.4"

[[projects]]
  digest = "1:6b09bf8410de06924147662573d1e89a0b92862ec66901f2e4d02cdf5967fa47"
  name = "github.com/go-openapi/validate"
  packages = ["."]
  pruneopts = ""
  revision = "6405b9095e4c96aabb45856da08a9323d50d9336"
  version = "v0.19.2"

[[projects]]
  digest = "1:a01080d20c45c031c13f3828c56e58f4f51d926a482ad10cc0316225097eb7ea"
  name = "github.com/go-stack/stack"
  packages = ["."]
  pruneopts = ""
  revision = "2fee6af1a9795aafbe0253a0cfbdf668e1fb8a9a"
  version = "v1.8.0"

[[projects]]
  digest = "1:1c19802d4b6d1fb14e65a0d498685076ec835bbc215fbe62e987f8d81655c339"
  name = "github.com/gogo/protobuf"
  packages = [
    "gogoproto",
    "proto",
    "protoc-gen-gogo/descriptor",
    "sortkeys",
    "types",
  ]
  pruneopts = ""
  revision = "ba06b47c162d49f2af050fb4c75bcbc86a159d5c"
  version = "v1.2.1"

[[projects]]
  digest = "1:0a82f965195def0b533fcf17cd6b421f0fc324568c64553a04348c77f34c8ffd"
  name = "github.com/golang/protobuf"
  packages = ["proto"]
  pruneopts = ""
  revision = "6c65a5562fc06764971b7c5d05c76c75e84bdbf7"
  version = "v1.3.2"

[[projects]]
  digest = "1:1e5b1e14524ed08301977b7b8e10c719ed853cbf3f24ecb66fae783a46f207a6"
  name = "github.com/google/btree"
  packages = ["."]
  pruneopts = ""
  revision = "4030bb1f1f0c35b30ca7009e9ebd06849dd45306"
  version = "v1.0.0"

[[projects]]
  digest = "1:5b0ecc8354ea7c4202b9228569c1ca4d2dd649fad60904f031eb6744c90c445a"
  name = "github.com/gorilla/websocket"
  packages = ["."]
  pruneopts = ""
  revision = "66b9c49e59c6c48f0ffce28c2d8b8a5678502c6d"
  version = "v1.4.0"

[[projects]]
  digest = "1:8e3bd93036b4a925fe2250d3e4f38f21cadb8ef623561cd80c3c50c114b13201"
  name = "github.com/hashicorp/errwrap"
  packages = ["."]
  pruneopts = ""
  revision = "8a6fb523712970c966eefc6b39ed2c5e74880354"
  version = "v1.0.0"

[[projects]]
  digest = "1:1b913b0e775a9c55defad5b4549f08d848db0eb999e2f633f89730a852c0af76"
  name = "github.com/hashicorp/go-immutable-radix"
  packages = ["."]
  pruneopts = ""
  revision = "7dd1121b595e4e1bd6dd5caa78e0f5c454740379"
  version = "v1.1.0"

[[projects]]
  digest = "1:66e8dbe0deeb6403fb649d87a99784c7f9aadfb6b574605deaeab03025af42c0"
  name = "github.com/hashicorp/go-msgpack"
  packages = ["codec"]
  pruneopts = ""
  revision = "ad60660ecf9c5a1eae0ca32182ed72bab5807961"
  version = "v0.5.5"

[[projects]]
  digest = "1:72308fdd6d5ef61106a95be7ca72349a5565809042b6426a3cfb61d99483b824"
  name = "github.com/hashicorp/go-multierror"
  packages = ["."]
  pruneopts = ""
  revision = "886a7fbe3eb1c874d46f623bfa70af45f425b3d1"
  version = "v1.0.0"

[[projects]]
  digest = "1:33f7809ab8a98bd84b6a9cb93ef444a89190f4263209bdddfb33c0204d67b596"
  name = "github.com/hashicorp/go-sockaddr"
  packages = ["."]
  pruneopts = ""
  revision = "c7188e74f6acae5a989bdc959aa779f8b9f42faf"
  version = "v1.0.2"

[[projects]]
  digest = "1:7f6f07500a0b7d3766b00fa466040b97f2f5b5f3eef2ecabfe516e703b05119a"
  name = "github.com/hashicorp/golang-lru"
  packages = ["simplelru"]
  pruneopts = ""
  revision = "7f827b33c0f158ec5dfbba01bb0b14a4541fd81d"
  version = "v0.5.3"

[[projects]]
  digest = "1:e2468c418da1fd583bdb99c6974735ec4588733a58f54dbf7599ee185d291296"
  name = "github.com/hashicorp/memberlist"
  packages = ["."]
  pruneopts = ""
  revision = "e1138a6a4d8a6eaec6c919aeae5efbe4d69b1ece"
  version = "v0.1.4"

[[projects]]
  digest = "1:ef0f9731bc6c3c59396adc50f36da36ca98c704812c449794f9326f7bc64b5f1"
  name = "github.com/jpillora/backoff"
  packages = ["."]
  pruneopts = ""
  revision = "8eab2debe79d12b7bd3d10653910df25fa9552ba"
  version = "1.0.0"

[[projects]]
  digest = "1:0f51cee70b0d254dbc93c22666ea2abf211af81c1701a96d04e2284b408621db"
  name = "github.com/konsorten/go-windows-terminal-sequences"
  packages = ["."]
  pruneopts = ""
  revision = "f55edac94c9bbba5d6182a4be46d86a2c9b5b50e"
  version = "v1.0.2"

[[projects]]
  branch = "master"
  digest = "1:1ed9eeebdf24aadfbca57eb50e6455bd1d2474525e0f0d4454de8c8e9bc7ee9a"
  name = "github.com/kr/logfmt"
  packages = ["."]
  pruneopts = ""
  revision = "b84e30acd515aadc4b783ad4ff83aff3299bdfe0"

[[projects]]
  branch = "master"
  digest = "1:38313462c2997c6eddee90df499529a827fc598c55ab0dc7c447db4e3858c35e"
  name = "github.com/mailru/easyjson"
  packages = [
    "buffer",
    "jlexer",
    "jwriter",
  ]
  pruneopts = ""
  revision = "b2ccc519800e761ac8000b95e5d57c80a897ff9e"

[[projects]]
  digest = "1:49a8b01a6cd6558d504b65608214ca40a78000e1b343ed0da5c6a9ccd83d6d30"
  name = "github.com/matttproud/golang_protobuf_extensions"
  packages = ["pbutil"]
  pruneopts = ""
  revision = "c12348ce28de40eed0136aa2b644d0ee0650e56c"
  version = "v1.0.1"

[[projects]]
  digest = "1:a9567f12fa619e806db17ebace8c19803794c2b018301ec7542db6abeb611a32"
  name = "github.com/miekg/dns"
  packages = ["."]
  pruneopts = ""
  revision = "b13675009d59c97f3721247d9efa8914e1866a5b"
  version = "v1.1.15"

[[projects]]
  digest = "1:bcc46a0fbd9e933087bef394871256b5c60269575bb661935874729c65bbbf60"
  name = "github.com/mitchellh/mapstructure"
  packages = ["."]
  pruneopts = ""
  revision = "3536a929edddb9a5b34bd6861dc4a9647cb459fe"
  version = "v1.1.2"

[[projects]]
  branch = "master"
  digest = "1:61cd8f2d66c5b905a5d472a44c17102a1ec6d21b6661c93f01eef6a6a9d5f809"
  name = "github.com/mwitkow/go-conntrack"
  packages = ["."]
  pruneopts = ""
  revision = "2f068394615f73e460c2f3d2c158b0ad9321cadb"

[[projects]]
  digest = "1:ba7d1dfde0c2142011332bffce4d8468310228afd49dd4425ac59fa9124fb7c4"
  name = "github.com/nlopes/slack"
  packages = ["."]
  pruneopts = ""
  revision = "8ab4d0b364ef1e9af5d102531da20d5ec902b6c4"
  version = "v0.2.0"

[[projects]]
  digest = "1:94e9081cc450d2cdf4e6886fc2c06c07272f86477df2d74ee5931951fa3d2577"
  name = "github.com/oklog/run"
  packages = ["."]
  pruneopts = ""
  revision = "4dadeb3030eda0273a12382bb2348ffc7c9d1a39"
  version = "v1.0.0"

[[projects]]
  digest = "1:3884d8d691bc08f834f0bfaca1ab7489ba83a4fcd4b928c05750218d750ede2a"
  name = "github.com/oklog/ulid"
  packages = ["."]
  pruneopts = ""
  revision = "be3bccf06dda9a40aa6800c4736ac77f2fef987f"
  version = "v2.0.2"

[[projects]]
  branch = "master"
  digest = "1:19a8fd9d714da6d7f159d38c2477050ee6b02947f6483510b995ee459280f5b4"
  name = "github.com/petar/GoLLRB"
  packages = ["llrb"]
  pruneopts = ""
  revision = "33fb24c13b99c46c93183c291836c573ac382536"

[[projects]]
  digest = "1:1d7e1867c49a6dd9856598ef7c3123604ea3daabf5b83f303ff457bcbc410b1d"
  name = "github.com/pkg/errors"
  packages = ["."]
  pruneopts = ""
  revision = "ba968bfe8b2f7e042a574c888954fccecfa385b4"
  version = "v0.8.1"

[[projects]]
  digest = "1:c3ff575901c86363972f9aa60ea2c87af1e305749c208dad1e34be303ec384e6"
  name = "github.com/prometheus/alertmanager"
  packages = [
    "api/v2/client",
    "api/v2/client/alert",
    "api/v2/client/alertgroup",
    "api/v2/client/general",
    "api/v2/client/receiver",
    "api/v2/client/silence",
    "api/v2/models",
    "asset",
    "cli",
    "cli/config",
    "cli/format",
    "cluster",
    "cluster/clusterpb",
    "config",
    "dispatch",
    "inhibit",
    "nflog",
    "nflog/nflogpb",
    "notify",
    "pkg/modtimevfs",
    "pkg/parse",
    "provider",
    "silence",
    "silence/silencepb",
    "store",
    "template",
    "types",
  ]
  pruneopts = ""
  revision = "1ace0f76b7101cccc149d7298022df36039858ca"
  version = "v0.18.0"

[[projects]]
  digest = "1:3d130741639de592d7323d0b126babd2f8d36baa1290a5d8d57c5b21ad945250"
  name = "github.com/prometheus/client_golang"
  packages = [
    "prometheus",
    "prometheus/internal",
  ]
  pruneopts = ""
  revision = "4ab88e80c249ed361d3299e2930427d9ac43ef8d"
  version = "v1.0.0"

[[projects]]
  branch = "master"
  digest = "1:b01e399a24f43a15e5c869a5d9f26fb68b4017bff4ea68be2e55766364d324ca"
  name = "github.com/prometheus/client_model"
  packages = ["go"]
  pruneopts = ""
  revision = "fd36f4220a901265f90734c3183c5f0c91daa0b8"

[[projects]]
  digest = "1:a0c4d36fe5e315dc1c5a32faa24371e32d7ead6f0ed7cb533b96b8a791007766"
  name = "github.com/prometheus/common"
  packages = [
    "config",
    "expfmt",
    "internal/bitbucket.org/ww/goautoneg",
    "model",
    "version",
  ]
  pruneopts = ""
  revision = "31bed53e4047fd6c510e43a941f90cb31be0972a"
  version = "v0.6.0"

[[projects]]
  digest = "1:9d760bb7cbe66b841c53c14b5d3ea20252ed2aba5aa959112473909f4a4d794f"
  name = "github.com/prometheus/procfs"
  packages = [
    ".",
    "internal/fs",
  ]
  pruneopts = ""
  revision = "3f98efb27840a48a7a2898ec80be07674d19f9c8"
  version = "v0.0.3"

[[projects]]
  digest = "1:30ff601507f6b514793936ec076781b06d4f13d9ff62f13025e92d451912986c"
  name = "github.com/prometheus/prometheus"
  packages = ["pkg/labels"]
  pruneopts = ""
  revision = "e5b22494857deca4b806f74f6e3a6ee30c251763"
  version = "v2.11.1"

[[projects]]
  digest = "1:7f569d906bdd20d906b606415b7d794f798f91a62fcfb6a4daa6d50690fb7a3f"
  name = "github.com/satori/go.uuid"
  packages = ["."]
  pruneopts = ""
  revision = "f58768cc1a7a7e77a3bd49e98cdd21419399b6a3"
  version = "v1.2.0"

[[projects]]
  branch = "master"
  digest = "1:6ee36f2cea425916d81fdaaf983469fc18f91b3cf090cfe90fa0a9d85b8bfab7"
  name = "github.com/sean-/seed"
  packages = ["."]
  pruneopts = ""
  revision = "e2103e2c35297fb7e17febb81e49b312087a2372"

[[projects]]
  branch = "master"
  digest = "1:99028077e8a0063e7a325c85c7f59b2b0687439affda0e5eec84862ca8c2399e"
  name = "github.com/shurcooL/httpfs"
  packages = [
    "filter",
    "union",
    "vfsutil",
  ]
  pruneopts = ""
  revision = "8d4bc4ba774931155e6cd5ef6098cb038dd45135"

[[projects]]
  branch = "master"
  digest = "1:7c7c0e6364e61a87175024ad776ca32cb7e5d6d8d3da235cef6bedb104a163e6"
  name = "github.com/shurcooL/vfsgen"
  packages = ["."]
  pruneopts = ""
  revision = "6a9ea43bcacdf716a5c1b38efff722c07adf0069"

[[projects]]
  digest = "1:f97b5583b67a42332834dd1f99e0c65ac04a745f00dfe5476ead1fe752740207"
  name = "github.com/sirupsen/logrus"
  packages = ["."]
  pruneopts = ""
  revision = "839c75faf7f98a33d445d181f3018b5c3409a45e"
  version = "v1.4.2"

[[projects]]
  branch = "master"
  digest = "1:563569524c7d4c4be853b9a719c9a804fb19492f738b94cbf808ce72816701d1"
  name = "github.com/xlab/treeprint"
  packages = ["."]
  pruneopts = ""
  revision = "a009c3971eca89777614839eb7f69abed3ea3959"

[[projects]]
  digest = "1:a719b359874f2b1d426ca9fced36200efd465675f9142d0c14e1a156dcdd5cd8"
  name = "go.mongodb.org/mongo-driver"
  packages = [
    "bson",
    "bson/bsoncodec",
    "bson/bsonrw",
    "bson/bsontype",
    "bson/primitive",
    "x/bsonx/bsoncore",
  ]
  pruneopts = ""
  revision = "0d1270edf53072da4da781b76d2e1db58831152f"
  version = "v1.0.4"

[[projects]]
  branch = "master"
  digest = "1:8b3edd6a4151ab8280cfaea57fad20f8924e6d5bf5bad7b2dbb5a967fe773755"
  name = "golang.org/x/crypto"
  packages = [
    "ed25519",
    "ed25519/internal/edwards25519",
  ]
  pruneopts = ""
  revision = "4def268fd1a49955bfb3dda92fe3db4f924f2285"

[[projects]]
  branch = "master"
  digest = "1:b77d9c25abaef08831955ef16a9f254f4796e4e8c298cb6c1ae08c94ee20c2f8"
  name = "golang.org/x/net"
  packages = [
    "bpf",
    "idna",
    "internal/iana",
    "internal/socket",
    "internal/timeseries",
    "ipv4",
    "ipv6",
    "trace",
  ]
  pruneopts = ""
  revision = "ca1201d0de80cfde86cb01aea620983605dfe99b"

[[projects]]
  branch = "master"
  digest = "1:7529ddf5462a4c4bf16b74624cc54d9bccb4226a27bdaf93bff2474e7e5e3886"
  name = "golang.org/x/sys"
  packages = [
    "unix",
    "windows",
  ]
  pruneopts = ""
  revision = "fc99dfbffb4e5ed5758a37e31dd861afe285406b"

[[projects]]
  digest = "1:83bad32bb1d9f88b211f0e5f2be3609ece7962ef2230c247f4f8f541253739da"
  name = "golang.org/x/text"
  packages = [
    "collate",
    "collate/build",
    "internal/colltab",
    "internal/gen",
    "internal/language",
    "internal/language/compact",
    "internal/tag",
    "internal/triegen",
    "internal/ucd",
    "language",
    "secure/bidirule",
    "transform",
    "unicode/bidi",
    "unicode/cldr",
    "unicode/norm",
    "unicode/rangetable",
    "width",
  ]
  pruneopts = ""
  revision = "342b2e1fbaa52c93f31447ad2c6abc048c63e475"
  version = "v0.3.2"

[[projects]]
  digest = "1:2840683aa0e9980689f85bf48b2a56ec7a108fd089f12af8ea7d98c172819589"
  name = "gopkg.in/alecthomas/kingpin.v2"
  packages = ["."]
  pruneopts = ""
  revision = "947dcec5ba9c011838740e680966fd7087a71d0d"
  version = "v2.2.6"

[[projects]]
  digest = "1:cedccf16b71e86db87a24f8d4c70b0a855872eb967cb906a66b95de56aefbd0d"
  name = "gopkg.in/yaml.v2"
  packages = ["."]
  pruneopts = ""
  revision = "51d6538a90f86fe93ac480b35f37b2be17fef232"
  version = "v2.2.2"

[solve-meta]
  analyzer-name = "dep"
  analyzer-version = 1
  input-imports = [
    "github.com/briandowns/formatifier",
    "github.com/nlopes/slack",
    "github.com/prometheus/alertmanager/api/v2/client",
    "github.com/prometheus/alertmanager/api/v2/client/alert",
    "github.com/prometheus/alertmanager/api/v2/models",
    "github.com/prometheus/alertmanager/cli",
    "github.com/sirupsen/logrus",
    "gopkg.in/alecthomas/kingpin.v2",
  ]
  solver-name = "gps-cdcl"
  solver-version = 1
